
Microsoft Visual Studio Solution File, Format Version 12.00
# Visual Studio Version 17
VisualStudioVersion = 17.7.34031.279
MinimumVisualStudioVersion = 10.0.40219.1
Project("{FAE04EC0-301F-11D3-BF4B-00C04F79EFBC}") = "CwkSocial.API", "CwkSocial.API\CwkSocial.API.csproj", "{666E403E-464D-455C-9496-086D36E4A107}"
EndProject
Project("{FAE04EC0-301F-11D3-BF4B-00C04F79EFBC}") = "CwkSocial.Domain", "CwkSocial.Domain\CwkSocial.Domain.csproj", "{A9199A88-4995-4189-913E-EB630DBE1F9C}"
EndProject
Project("{FAE04EC0-301F-11D3-BF4B-00C04F79EFBC}") = "CwkSocial.Infrastructure", "CwkSocial.Infrastructure\CwkSocial.Infrastructure.csproj", "{31A95664-B6B9-49C4-BE9E-FEB94DB111B5}"
EndProject
Project("{FAE04EC0-301F-11D3-BF4B-00C04F79EFBC}") = "CwkSocial.Application", "CwkSocial.Application\CwkSocial.Application.csproj", "{53436A47-BB00-4DAD-8C06-228A075815FF}"
EndProject
Global
	GlobalSection(SolutionConfigurationPlatforms) = preSolution
		Debug|Any CPU = Debug|Any CPU
		Release|Any CPU = Release|Any CPU
	EndGlobalSection
	GlobalSection(ProjectConfigurationPlatforms) = postSolution
		{666E403E-464D-455C-9496-086D36E4A107}.Debug|Any CPU.ActiveCfg = Debug|Any CPU
		{666E403E-464D-455C-9496-086D36E4A107}.Debug|Any CPU.Build.0 = Debug|Any CPU
		{666E403E-464D-455C-9496-086D36E4A107}.Release|Any CPU.ActiveCfg = Release|Any CPU
		{666E403E-464D-455C-9496-086D36E4A107}.Release|Any CPU.Build.0 = Release|Any CPU
		{A9199A88-4995-4189-913E-EB630DBE1F9C}.Debug|Any CPU.ActiveCfg = Debug|Any CPU
		{A9199A88-4995-4189-913E-EB630DBE1F9C}.Debug|Any CPU.Build.0 = Debug|Any CPU
		{A9199A88-4995-4189-913E-EB630DBE1F9C}.Release|Any CPU.ActiveCfg = Release|Any CPU
		{A9199A88-4995-4189-913E-EB630DBE1F9C}.Release|Any CPU.Build.0 = Release|Any CPU
		{31A95664-B6B9-49C4-BE9E-FEB94DB111B5}.Debug|Any CPU.ActiveCfg = Debug|Any CPU
		{31A95664-B6B9-49C4-BE9E-FEB94DB111B5}.Debug|Any CPU.Build.0 = Debug|Any CPU
		{31A95664-B6B9-49C4-BE9E-FEB94DB111B5}.Release|Any CPU.ActiveCfg = Release|Any CPU
		{31A95664-B6B9-49C4-BE9E-FEB94DB111B5}.Release|Any CPU.Build.0 = Release|Any CPU
		{53436A47-BB00-4DAD-8C06-228A075815FF}.Debug|Any CPU.ActiveCfg = Debug|Any CPU
		{53436A47-BB00-4DAD-8C06-228A075815FF}.Debug|Any CPU.Build.0 = Debug|Any CPU
		{53436A47-BB00-4DAD-8C06-228A075815FF}.Release|Any CPU.ActiveCfg = Release|Any CPU
		{53436A47-BB00-4DAD-8C06-228A075815FF}.Release|Any CPU.Build.0 = Release|Any CPU
	EndGlobalSection
	GlobalSection(SolutionProperties) = preSolution
		HideSolutionNode = FALSE
	EndGlobalSection
	GlobalSection(ExtensibilityGlobals) = postSolution
		SolutionGuid = {DD9235A1-2E5E-4132-A839-0D51CC26B928}
	EndGlobalSection
EndGlobal
